
Microsoft Visual Studio Solution File, Format Version 12.00
# Visual Studio Version 17
VisualStudioVersion = 17.10.35013.160
MinimumVisualStudioVersion = 10.0.40219.1
Project("{9A19103F-16F7-4668-BE54-9A1E7A4F7556}") = "ToDo.Core", "ToDo.Core\ToDo.Core.csproj", "{FA2B08D9-486B-400C-A585-D05C05DA859E}"
EndProject
Project("{9A19103F-16F7-4668-BE54-9A1E7A4F7556}") = "ToDo.Core.Tests", "ToDo.Core.Tests\ToDo.Core.Tests.csproj", "{E9C03A51-128A-47A0-A1EC-8BB248F9E0A4}"
EndProject
Project("{9A19103F-16F7-4668-BE54-9A1E7A4F7556}") = "ToDo.Blazor.WebApp", "ToDo.Blazor.WebApp\ToDo.Blazor.WebApp\ToDo.Blazor.WebApp.csproj", "{954510D5-F035-4F6A-8EAE-01F79999AE27}"
EndProject
Project("{9A19103F-16F7-4668-BE54-9A1E7A4F7556}") = "ToDo.Blazor.WebApp.Client", "ToDo.Blazor.WebApp\ToDo.Blazor.WebApp.Client\ToDo.Blazor.WebApp.Client.csproj", "{DC07F7AC-ECC0-43E8-B7D2-C5549E2C32D5}"
EndProject
Global
	GlobalSection(SolutionConfigurationPlatforms) = preSolution
		Debug|Any CPU = Debug|Any CPU
		Release|Any CPU = Release|Any CPU
	EndGlobalSection
	GlobalSection(ProjectConfigurationPlatforms) = postSolution
		{FA2B08D9-486B-400C-A585-D05C05DA859E}.Debug|Any CPU.ActiveCfg = Debug|Any CPU
		{FA2B08D9-486B-400C-A585-D05C05DA859E}.Debug|Any CPU.Build.0 = Debug|Any CPU
		{FA2B08D9-486B-400C-A585-D05C05DA859E}.Release|Any CPU.ActiveCfg = Release|Any CPU
		{FA2B08D9-486B-400C-A585-D05C05DA859E}.Release|Any CPU.Build.0 = Release|Any CPU
		{E9C03A51-128A-47A0-A1EC-8BB248F9E0A4}.Debug|Any CPU.ActiveCfg = Debug|Any CPU
		{E9C03A51-128A-47A0-A1EC-8BB248F9E0A4}.Debug|Any CPU.Build.0 = Debug|Any CPU
		{E9C03A51-128A-47A0-A1EC-8BB248F9E0A4}.Release|Any CPU.ActiveCfg = Release|Any CPU
		{E9C03A51-128A-47A0-A1EC-8BB248F9E0A4}.Release|Any CPU.Build.0 = Release|Any CPU
		{954510D5-F035-4F6A-8EAE-01F79999AE27}.Debug|Any CPU.ActiveCfg = Debug|Any CPU
		{954510D5-F035-4F6A-8EAE-01F79999AE27}.Debug|Any CPU.Build.0 = Debug|Any CPU
		{954510D5-F035-4F6A-8EAE-01F79999AE27}.Release|Any CPU.ActiveCfg = Release|Any CPU
		{954510D5-F035-4F6A-8EAE-01F79999AE27}.Release|Any CPU.Build.0 = Release|Any CPU
		{DC07F7AC-ECC0-43E8-B7D2-C5549E2C32D5}.Debug|Any CPU.ActiveCfg = Debug|Any CPU
		{DC07F7AC-ECC0-43E8-B7D2-C5549E2C32D5}.Debug|Any CPU.Build.0 = Debug|Any CPU
		{DC07F7AC-ECC0-43E8-B7D2-C5549E2C32D5}.Release|Any CPU.ActiveCfg = Release|Any CPU
		{DC07F7AC-ECC0-43E8-B7D2-C5549E2C32D5}.Release|Any CPU.Build.0 = Release|Any CPU
	EndGlobalSection
	GlobalSection(SolutionProperties) = preSolution
		HideSolutionNode = FALSE
	EndGlobalSection
	GlobalSection(ExtensibilityGlobals) = postSolution
		SolutionGuid = {4D67F260-018C-4C88-997C-9B8C3E234708}
	EndGlobalSection
EndGlobal
